
Microsoft Visual Studio Solution File, Format Version 12.00
# Visual Studio 15
VisualStudioVersion = 15.0.26430.13
MinimumVisualStudioVersion = 10.0.40219.1
Project("{FAE04EC0-301F-11D3-BF4B-00C04F79EFBC}") = "ClientW34", "ClientW34\ClientW34.csproj", "{375F85B2-D317-439A-9AC2-FF79903331CA}"
EndProject
Project("{FAE04EC0-301F-11D3-BF4B-00C04F79EFBC}") = "ServerW34", "ServerW34\ServerW34.csproj", "{1CB44446-9737-479F-A4D1-D74252A87114}"
EndProject
Global
	GlobalSection(SolutionConfigurationPlatforms) = preSolution
		Debug|Any CPU = Debug|Any CPU
		Release|Any CPU = Release|Any CPU
	EndGlobalSection
	GlobalSection(ProjectConfigurationPlatforms) = postSolution
		{375F85B2-D317-439A-9AC2-FF79903331CA}.Debug|Any CPU.ActiveCfg = Debug|Any CPU
		{375F85B2-D317-439A-9AC2-FF79903331CA}.Debug|Any CPU.Build.0 = Debug|Any CPU
		{375F85B2-D317-439A-9AC2-FF79903331CA}.Release|Any CPU.ActiveCfg = Release|Any CPU
		{375F85B2-D317-439A-9AC2-FF79903331CA}.Release|Any CPU.Build.0 = Release|Any CPU
		{1CB44446-9737-479F-A4D1-D74252A87114}.Debug|Any CPU.ActiveCfg = Debug|Any CPU
		{1CB44446-9737-479F-A4D1-D74252A87114}.Debug|Any CPU.Build.0 = Debug|Any CPU
		{1CB44446-9737-479F-A4D1-D74252A87114}.Release|Any CPU.ActiveCfg = Release|Any CPU
		{1CB44446-9737-479F-A4D1-D74252A87114}.Release|Any CPU.Build.0 = Release|Any CPU
	EndGlobalSection
	GlobalSection(SolutionProperties) = preSolution
		HideSolutionNode = FALSE
	EndGlobalSection
EndGlobal
